dependencies:
- name: traefik
  repository: https://helm.traefik.io/traefik
  version: 9.12.3
- name: cert-manager
  repository: https://charts.jetstack.io
  version: 1.1.1
digest: sha256:c46e9e616681c691a3f854abc5396094af5daec306273b0aef6dc79a3163c3ad
generated: "2021-09-22T10:14:53.1841455-07:00"
