dependencies:
- name: traefik
  repository: https://helm.traefik.io/traefik
  version: 9.12.3
- name: cert-manager
  repository: https://charts.jetstack.io
  version: 1.5.3
digest: sha256:d5e7aedd9362afead0837a52bd6f224e86bb367bb3907bf57c0852b4c04b9ecb
generated: "2021-09-20T15:21:54.4179719-07:00"
